// !$*UTF8*$!
{
	archiveVersion = 1;
	classes = {
	};
	objectVersion = 56;
	objects = {

/* Begin PBXBuildFile section */
		7CA1F0612C91639F0094DF80 /* HeirloomApp.swift in Sources */ = {isa = PBXBuildFile; fileRef = 7CA1F0602C91639F0094DF80 /* HeirloomApp.swift */; };
		7CA1F0632C91639F0094DF80 /* ContentView.swift in Sources */ = {isa = PBXBuildFile; fileRef = 7CA1F0622C91639F0094DF80 /* ContentView.swift */; };
		7CA1F0652C9163A00094DF80 /* Assets.xcassets in Resources */ = {isa = PBXBuildFile; fileRef = 7CA1F0642C9163A00094DF80 /* Assets.xcassets */; };
		7CA1F0682C9163A00094DF80 /* Preview Assets.xcassets in Resources */ = {isa = PBXBuildFile; fileRef = 7CA1F0672C9163A00094DF80 /* Preview Assets.xcassets */; };
		7CA1F0722C9163A00094DF80 /* HeirloomTests.swift in Sources */ = {isa = PBXBuildFile; fileRef = 7CA1F0712C9163A00094DF80 /* HeirloomTests.swift */; };
		7CA1F07C2C9163A00094DF80 /* HeirloomUITests.swift in Sources */ = {isa = PBXBuildFile; fileRef = 7CA1F07B2C9163A00094DF80 /* HeirloomUITests.swift */; };
		7CA1F07E2C9163A00094DF80 /* HeirloomUITestsLaunchTests.swift in Sources */ = {isa = PBXBuildFile; fileRef = 7CA1F07D2C9163A00094DF80 /* HeirloomUITestsLaunchTests.swift */; };
/* End PBXBuildFile section */

/* Begin PBXContainerItemProxy section */
		7CA1F06E2C9163A00094DF80 /* PBXContainerItemProxy */ = {
			isa = PBXContainerItemProxy;
			containerPortal = 7CA1F0552C91639F0094DF80 /* Project object */;
			proxyType = 1;
			remoteGlobalIDString = 7CA1F05C2C91639F0094DF80;
			remoteInfo = Heirloom;
		};
		7CA1F0782C9163A00094DF80 /* PBXContainerItemProxy */ = {
			isa = PBXContainerItemProxy;
			containerPortal = 7CA1F0552C91639F0094DF80 /* Project object */;
			proxyType = 1;
			remoteGlobalIDString = 7CA1F05C2C91639F0094DF80;
			remoteInfo = Heirloom;
		};
/* End PBXContainerItemProxy section */

/* Begin PBXFileReference section */
		7CA1F05D2C91639F0094DF80 /* Heirloom.app */ = {isa = PBXFileReference; explicitFileType = wrapper.application; includeInIndex = 0; path = Heirloom.app; sourceTree = BUILT_PRODUCTS_DIR; };
		7CA1F0602C91639F0094DF80 /* HeirloomApp.swift */ = {isa = PBXFileReference; lastKnownFileType = sourcecode.swift; path = HeirloomApp.swift; sourceTree = "<group>"; };
		7CA1F0622C91639F0094DF80 /* ContentView.swift */ = {isa = PBXFileReference; lastKnownFileType = sourcecode.swift; path = ContentView.swift; sourceTree = "<group>"; };
		7CA1F0642C9163A00094DF80 /* Assets.xcassets */ = {isa = PBXFileReference; lastKnownFileType = folder.assetcatalog; path = Assets.xcassets; sourceTree = "<group>"; };
		7CA1F0672C9163A00094DF80 /* Preview Assets.xcassets */ = {isa = PBXFileReference; lastKnownFileType = folder.assetcatalog; path = "Preview Assets.xcassets"; sourceTree = "<group>"; };
		7CA1F06D2C9163A00094DF80 /* HeirloomTests.xctest */ = {isa = PBXFileReference; explicitFileType = wrapper.cfbundle; includeInIndex = 0; path = HeirloomTests.xctest; sourceTree = BUILT_PRODUCTS_DIR; };
		7CA1F0712C9163A00094DF80 /* HeirloomTests.swift */ = {isa = PBXFileReference; lastKnownFileType = sourcecode.swift; path = HeirloomTests.swift; sourceTree = "<group>"; };
		7CA1F0772C9163A00094DF80 /* HeirloomUITests.xctest */ = {isa = PBXFileReference; explicitFileType = wrapper.cfbundle; includeInIndex = 0; path = HeirloomUITests.xctest; sourceTree = BUILT_PRODUCTS_DIR; };
		7CA1F07B2C9163A00094DF80 /* HeirloomUITests.swift */ = {isa = PBXFileReference; lastKnownFileType = sourcecode.swift; path = HeirloomUITests.swift; sourceTree = "<group>"; };
		7CA1F07D2C9163A00094DF80 /* HeirloomUITestsLaunchTests.swift */ = {isa = PBXFileReference; lastKnownFileType = sourcecode.swift; path = HeirloomUITestsLaunchTests.swift; sourceTree = "<group>"; };
/* End PBXFileReference section */

/* Begin PBXFrameworksBuildPhase section */
		7CA1F05A2C91639F0094DF80 /* Frameworks */ = {
			isa = PBXFrameworksBuildPhase;
			buildActionMask = 2147483647;
			files = (
			);
			runOnlyForDeploymentPostprocessing = 0;
		};
		7CA1F06A2C9163A00094DF80 /* Frameworks */ = {
			isa = PBXFrameworksBuildPhase;
			buildActionMask = 2147483647;
			files = (
			);
			runOnlyForDeploymentPostprocessing = 0;
		};
		7CA1F0742C9163A00094DF80 /* Frameworks */ = {
			isa = PBXFrameworksBuildPhase;
			buildActionMask = 2147483647;
			files = (
			);
			runOnlyForDeploymentPostprocessing = 0;
		};
/* End PBXFrameworksBuildPhase section */

/* Begin PBXGroup section */
		7CA1F0542C91639F0094DF80 = {
			isa = PBXGroup;
			children = (
				7CA1F05F2C91639F0094DF80 /* Heirloom */,
				7CA1F0702C9163A00094DF80 /* HeirloomTests */,
				7CA1F07A2C9163A00094DF80 /* HeirloomUITests */,
				7CA1F05E2C91639F0094DF80 /* Products */,
			);
			sourceTree = "<group>";
		};
		7CA1F05E2C91639F0094DF80 /* Products */ = {
			isa = PBXGroup;
			children = (
				7CA1F05D2C91639F0094DF80 /* Heirloom.app */,
				7CA1F06D2C9163A00094DF80 /* HeirloomTests.xctest */,
				7CA1F0772C9163A00094DF80 /* HeirloomUITests.xctest */,
			);
			name = Products;
			sourceTree = "<group>";
		};
		7CA1F05F2C91639F0094DF80 /* Heirloom */ = {
			isa = PBXGroup;
			children = (
				7CA1F0602C91639F0094DF80 /* HeirloomApp.swift */,
				7CA1F0622C91639F0094DF80 /* ContentView.swift */,
				7CA1F0642C9163A00094DF80 /* Assets.xcassets */,
				7CA1F0662C9163A00094DF80 /* Preview Content */,
			);
			path = Heirloom;
			sourceTree = "<group>";
		};
		7CA1F0662C9163A00094DF80 /* Preview Content */ = {
			isa = PBXGroup;
			children = (
				7CA1F0672C9163A00094DF80 /* Preview Assets.xcassets */,
			);
			path = "Preview Content";
			sourceTree = "<group>";
		};
		7CA1F0702C9163A00094DF80 /* HeirloomTests */ = {
			isa = PBXGroup;
			children = (
				7CA1F0712C9163A00094DF80 /* HeirloomTests.swift */,
			);
			path = HeirloomTests;
			sourceTree = "<group>";
		};
		7CA1F07A2C9163A00094DF80 /* HeirloomUITests */ = {
			isa = PBXGroup;
			children = (
				7CA1F07B2C9163A00094DF80 /* HeirloomUITests.swift */,
				7CA1F07D2C9163A00094DF80 /* HeirloomUITestsLaunchTests.swift */,
			);
			path = HeirloomUITests;
			sourceTree = "<group>";
		};
/* End PBXGroup section */

/* Begin PBXNativeTarget section */
		7CA1F05C2C91639F0094DF80 /* Heirloom */ = {
			isa = PBXNativeTarget;
			buildConfigurationList = 7CA1F0812C9163A00094DF80 /* Build configuration list for PBXNativeTarget "Heirloom" */;
			buildPhases = (
				7CA1F0592C91639F0094DF80 /* Sources */,
				7CA1F05A2C91639F0094DF80 /* Frameworks */,
				7CA1F05B2C91639F0094DF80 /* Resources */,
			);
			buildRules = (
			);
			dependencies = (
			);
			name = Heirloom;
			productName = Heirloom;
			productReference = 7CA1F05D2C91639F0094DF80 /* Heirloom.app */;
			productType = "com.apple.product-type.application";
		};
		7CA1F06C2C9163A00094DF80 /* HeirloomTests */ = {
			isa = PBXNativeTarget;
			buildConfigurationList = 7CA1F0842C9163A00094DF80 /* Build configuration list for PBXNativeTarget "HeirloomTests" */;
			buildPhases = (
				7CA1F0692C9163A00094DF80 /* Sources */,
				7CA1F06A2C9163A00094DF80 /* Frameworks */,
				7CA1F06B2C9163A00094DF80 /* Resources */,
			);
			buildRules = (
			);
			dependencies = (
				7CA1F06F2C9163A00094DF80 /* PBXTargetDependency */,
			);
			name = HeirloomTests;
			productName = HeirloomTests;
			productReference = 7CA1F06D2C9163A00094DF80 /* HeirloomTests.xctest */;
			productType = "com.apple.product-type.bundle.unit-test";
		};
		7CA1F0762C9163A00094DF80 /* HeirloomUITests */ = {
			isa = PBXNativeTarget;
			buildConfigurationList = 7CA1F0872C9163A00094DF80 /* Build configuration list for PBXNativeTarget "HeirloomUITests" */;
			buildPhases = (
				7CA1F0732C9163A00094DF80 /* Sources */,
				7CA1F0742C9163A00094DF80 /* Frameworks */,
				7CA1F0752C9163A00094DF80 /* Resources */,
			);
			buildRules = (
			);
			dependencies = (
				7CA1F0792C9163A00094DF80 /* PBXTargetDependency */,
			);
			name = HeirloomUITests;
			productName = HeirloomUITests;
			productReference = 7CA1F0772C9163A00094DF80 /* HeirloomUITests.xctest */;
			productType = "com.apple.product-type.bundle.ui-testing";
		};
/* End PBXNativeTarget section */

/* Begin PBXProject section */
		7CA1F0552C91639F0094DF80 /* Project object */ = {
			isa = PBXProject;
			attributes = {
				BuildIndependentTargetsInParallel = 1;
				LastSwiftUpdateCheck = 1530;
				LastUpgradeCheck = 1530;
				TargetAttributes = {
					7CA1F05C2C91639F0094DF80 = {
						CreatedOnToolsVersion = 15.3;
					};
					7CA1F06C2C9163A00094DF80 = {
						CreatedOnToolsVersion = 15.3;
						TestTargetID = 7CA1F05C2C91639F0094DF80;
					};
					7CA1F0762C9163A00094DF80 = {
						CreatedOnToolsVersion = 15.3;
						TestTargetID = 7CA1F05C2C91639F0094DF80;
					};
				};
			};
			buildConfigurationList = 7CA1F0582C91639F0094DF80 /* Build configuration list for PBXProject "Heirloom" */;
			compatibilityVersion = "Xcode 14.0";
			developmentRegion = en;
			hasScannedForEncodings = 0;
			knownRegions = (
				en,
				Base,
			);
			mainGroup = 7CA1F0542C91639F0094DF80;
			productRefGroup = 7CA1F05E2C91639F0094DF80 /* Products */;
			projectDirPath = "";
			projectRoot = "";
			targets = (
				7CA1F05C2C91639F0094DF80 /* Heirloom */,
				7CA1F06C2C9163A00094DF80 /* HeirloomTests */,
				7CA1F0762C9163A00094DF80 /* HeirloomUITests */,
			);
		};
/* End PBXProject section */

/* Begin PBXResourcesBuildPhase section */
		7CA1F05B2C91639F0094DF80 /* Resources */ = {
			isa = PBXResourcesBuildPhase;
			buildActionMask = 2147483647;
			files = (
				7CA1F0682C9163A00094DF80 /* Preview Assets.xcassets in Resources */,
				7CA1F0652C9163A00094DF80 /* Assets.xcassets in Resources */,
			);
			runOnlyForDeploymentPostprocessing = 0;
		};
		7CA1F06B2C9163A00094DF80 /* Resources */ = {
			isa = PBXResourcesBuildPhase;
			buildActionMask = 2147483647;
			files = (
			);
			runOnlyForDeploymentPostprocessing = 0;
		};
		7CA1F0752C9163A00094DF80 /* Resources */ = {
			isa = PBXResourcesBuildPhase;
			buildActionMask = 2147483647;
			files = (
			);
			runOnlyForDeploymentPostprocessing = 0;
		};
/* End PBXResourcesBuildPhase section */

/* Begin PBXSourcesBuildPhase section */
		7CA1F0592C91639F0094DF80 /* Sources */ = {
			isa = PBXSourcesBuildPhase;
			buildActionMask = 2147483647;
			files = (
				7CA1F0632C91639F0094DF80 /* ContentView.swift in Sources */,
				7CA1F0612C91639F0094DF80 /* HeirloomApp.swift in Sources */,
			);
			runOnlyForDeploymentPostprocessing = 0;
		};
		7CA1F0692C9163A00094DF80 /* Sources */ = {
			isa = PBXSourcesBuildPhase;
			buildActionMask = 2147483647;
			files = (
				7CA1F0722C9163A00094DF80 /* HeirloomTests.swift in Sources */,
			);
			runOnlyForDeploymentPostprocessing = 0;
		};
		7CA1F0732C9163A00094DF80 /* Sources */ = {
			isa = PBXSourcesBuildPhase;
			buildActionMask = 2147483647;
			files = (
				7CA1F07E2C9163A00094DF80 /* HeirloomUITestsLaunchTests.swift in Sources */,
				7CA1F07C2C9163A00094DF80 /* HeirloomUITests.swift in Sources */,
			);
			runOnlyForDeploymentPostprocessing = 0;
		};
/* End PBXSourcesBuildPhase section */

/* Begin PBXTargetDependency section */
		7CA1F06F2C9163A00094DF80 /* PBXTargetDependency */ = {
			isa = PBXTargetDependency;
			target = 7CA1F05C2C91639F0094DF80 /* Heirloom */;
			targetProxy = 7CA1F06E2C9163A00094DF80 /* PBXContainerItemProxy */;
		};
		7CA1F0792C9163A00094DF80 /* PBXTargetDependency */ = {
			isa = PBXTargetDependency;
			target = 7CA1F05C2C91639F0094DF80 /* Heirloom */;
			targetProxy = 7CA1F0782C9163A00094DF80 /* PBXContainerItemProxy */;
		};
/* End PBXTargetDependency section */

/* Begin XCBuildConfiguration section */
		7CA1F07F2C9163A00094DF80 /* Debug */ = {
			isa = XCBuildConfiguration;
			buildSettings = {
				ALWAYS_SEARCH_USER_PATHS = NO;
				ASSETCATALOG_COMPILER_GENERATE_SWIFT_ASSET_SYMBOL_EXTENSIONS = YES;
				CLANG_ANALYZER_NONNULL = YES;
				CLANG_ANALYZER_NUMBER_OBJECT_CONVERSION = YES_AGGRESSIVE;
				CLANG_CXX_LANGUAGE_STANDARD = "gnu++20";
				CLANG_ENABLE_MODULES = YES;
				CLANG_ENABLE_OBJC_ARC = YES;
				CLANG_ENABLE_OBJC_WEAK = YES;
				CLANG_WARN_BLOCK_CAPTURE_AUTORELEASING = YES;
				CLANG_WARN_BOOL_CONVERSION = YES;
				CLANG_WARN_COMMA = YES;
				CLANG_WARN_CONSTANT_CONVERSION = YES;
				CLANG_WARN_DEPRECATED_OBJC_IMPLEMENTATIONS = YES;
				CLANG_WARN_DIRECT_OBJC_ISA_USAGE = YES_ERROR;
				CLANG_WARN_DOCUMENTATION_COMMENTS = YES;
				CLANG_WARN_EMPTY_BODY = YES;
				CLANG_WARN_ENUM_CONVERSION = YES;
				CLANG_WARN_INFINITE_RECURSION = YES;
				CLANG_WARN_INT_CONVERSION = YES;
				CLANG_WARN_NON_LITERAL_NULL_CONVERSION = YES;
				CLANG_WARN_OBJC_IMPLICIT_RETAIN_SELF = YES;
				CLANG_WARN_OBJC_LITERAL_CONVERSION = YES;
				CLANG_WARN_OBJC_ROOT_CLASS = YES_ERROR;
				CLANG_WARN_QUOTED_INCLUDE_IN_FRAMEWORK_HEADER = YES;
				CLANG_WARN_RANGE_LOOP_ANALYSIS = YES;
				CLANG_WARN_STRICT_PROTOTYPES = YES;
				CLANG_WARN_SUSPICIOUS_MOVE = YES;
				CLANG_WARN_UNGUARDED_AVAILABILITY = YES_AGGRESSIVE;
				CLANG_WARN_UNREACHABLE_CODE = YES;
				CLANG_WARN__DUPLICATE_METHOD_MATCH = YES;
				COPY_PHASE_STRIP = NO;
				DEBUG_INFORMATION_FORMAT = dwarf;
				ENABLE_STRICT_OBJC_MSGSEND = YES;
				ENABLE_TESTABILITY = YES;
				ENABLE_USER_SCRIPT_SANDBOXING = YES;
				GCC_C_LANGUAGE_STANDARD = gnu17;
				GCC_DYNAMIC_NO_PIC = NO;
				GCC_NO_COMMON_BLOCKS = YES;
				GCC_OPTIMIZATION_LEVEL = 0;
				GCC_PREPROCESSOR_DEFINITIONS = (
					"DEBUG=1",
					"$(inherited)",
				);
				GCC_WARN_64_TO_32_BIT_CONVERSION = YES;
				GCC_WARN_ABOUT_RETURN_TYPE = YES_ERROR;
				GCC_WARN_UNDECLARED_SELECTOR = YES;
				GCC_WARN_UNINITIALIZED_AUTOS = YES_AGGRESSIVE;
				GCC_WARN_UNUSED_FUNCTION = YES;
				GCC_WARN_UNUSED_VARIABLE = YES;
				IPHONEOS_DEPLOYMENT_TARGET = 17.4;
				LOCALIZATION_PREFERS_STRING_CATALOGS = YES;
				MTL_ENABLE_DEBUG_INFO = INCLUDE_SOURCE;
				MTL_FAST_MATH = YES;
				ONLY_ACTIVE_ARCH = YES;
				SDKROOT = iphoneos;
				SWIFT_ACTIVE_COMPILATION_CONDITIONS = "DEBUG $(inherited)";
				SWIFT_OPTIMIZATION_LEVEL = "-Onone";
			};
			name = Debug;
		};
		7CA1F0802C9163A00094DF80 /* Release */ = {
			isa = XCBuildConfiguration;
			buildSettings = {
				ALWAYS_SEARCH_USER_PATHS = NO;
				ASSETCATALOG_COMPILER_GENERATE_SWIFT_ASSET_SYMBOL_EXTENSIONS = YES;
				CLANG_ANALYZER_NONNULL = YES;
				CLANG_ANALYZER_NUMBER_OBJECT_CONVERSION = YES_AGGRESSIVE;
				CLANG_CXX_LANGUAGE_STANDARD = "gnu++20";
				CLANG_ENABLE_MODULES = YES;
				CLANG_ENABLE_OBJC_ARC = YES;
				CLANG_ENABLE_OBJC_WEAK = YES;
				CLANG_WARN_BLOCK_CAPTURE_AUTORELEASING = YES;
				CLANG_WARN_BOOL_CONVERSION = YES;
				CLANG_WARN_COMMA = YES;
				CLANG_WARN_CONSTANT_CONVERSION = YES;
				CLANG_WARN_DEPRECATED_OBJC_IMPLEMENTATIONS = YES;
				CLANG_WARN_DIRECT_OBJC_ISA_USAGE = YES_ERROR;
				CLANG_WARN_DOCUMENTATION_COMMENTS = YES;
				CLANG_WARN_EMPTY_BODY = YES;
				CLANG_WARN_ENUM_CONVERSION = YES;
				CLANG_WARN_INFINITE_RECURSION = YES;
				CLANG_WARN_INT_CONVERSION = YES;
				CLANG_WARN_NON_LITERAL_NULL_CONVERSION = YES;
				CLANG_WARN_OBJC_IMPLICIT_RETAIN_SELF = YES;
				CLANG_WARN_OBJC_LITERAL_CONVERSION = YES;
				CLANG_WARN_OBJC_ROOT_CLASS = YES_ERROR;
				CLANG_WARN_QUOTED_INCLUDE_IN_FRAMEWORK_HEADER = YES;
				CLANG_WARN_RANGE_LOOP_ANALYSIS = YES;
				CLANG_WARN_STRICT_PROTOTYPES = YES;
				CLANG_WARN_SUSPICIOUS_MOVE = YES;
				CLANG_WARN_UNGUARDED_AVAILABILITY = YES_AGGRESSIVE;
				CLANG_WARN_UNREACHABLE_CODE = YES;
				CLANG_WARN__DUPLICATE_METHOD_MATCH = YES;
				COPY_PHASE_STRIP = NO;
				DEBUG_INFORMATION_FORMAT = "dwarf-with-dsym";
				ENABLE_NS_ASSERTIONS = NO;
				ENABLE_STRICT_OBJC_MSGSEND = YES;
				ENABLE_USER_SCRIPT_SANDBOXING = YES;
				GCC_C_LANGUAGE_STANDARD = gnu17;
				GCC_NO_COMMON_BLOCKS = YES;
				GCC_WARN_64_TO_32_BIT_CONVERSION = YES;
				GCC_WARN_ABOUT_RETURN_TYPE = YES_ERROR;
				GCC_WARN_UNDECLARED_SELECTOR = YES;
				GCC_WARN_UNINITIALIZED_AUTOS = YES_AGGRESSIVE;
				GCC_WARN_UNUSED_FUNCTION = YES;
				GCC_WARN_UNUSED_VARIABLE = YES;
				IPHONEOS_DEPLOYMENT_TARGET = 17.4;
				LOCALIZATION_PREFERS_STRING_CATALOGS = YES;
				MTL_ENABLE_DEBUG_INFO = NO;
				MTL_FAST_MATH = YES;
				SDKROOT = iphoneos;
				SWIFT_COMPILATION_MODE = wholemodule;
				VALIDATE_PRODUCT = YES;
			};
			name = Release;
		};
		7CA1F0822C9163A00094DF80 /* Debug */ = {
			isa = XCBuildConfiguration;
			buildSettings = {
				ASSETCATALOG_COMPILER_APPICON_NAME = AppIcon;
				ASSETCATALOG_COMPILER_GLOBAL_ACCENT_COLOR_NAME = AccentColor;
				CODE_SIGN_STYLE = Automatic;
				CURRENT_PROJECT_VERSION = 1;
				DEVELOPMENT_ASSET_PATHS = "\"Heirloom/Preview Content\"";
				DEVELOPMENT_TEAM = 8X2XQM3V4T;
				ENABLE_PREVIEWS = YES;
				GENERATE_INFOPLIST_FILE = YES;
				INFOPLIST_KEY_UIApplicationSceneManifest_Generation = YES;
				INFOPLIST_KEY_UIApplicationSupportsIndirectInputEvents = YES;
				INFOPLIST_KEY_UILaunchScreen_Generation = YES;
				INFOPLIST_KEY_UISupportedInterfaceOrientations_iPad = "UIInterfaceOrientationPortrait UIInterfaceOrientationPortraitUpsideDown UIInterfaceOrientationLandscapeLeft UIInterfaceOrientationLandscapeRight";
				INFOPLIST_KEY_UISupportedInterfaceOrientations_iPhone = "UIInterfaceOrientationPortrait UIInterfaceOrientationLandscapeLeft UIInterfaceOrientationLandscapeRight";
				LD_RUNPATH_SEARCH_PATHS = (
					"$(inherited)",
					"@executable_path/Frameworks",
				);
				MARKETING_VERSION = 1.0;
				PRODUCT_BUNDLE_IDENTIFIER = TylerBrodsky.Heirloom;
				PRODUCT_NAME = "$(TARGET_NAME)";
				SWIFT_EMIT_LOC_STRINGS = YES;
				SWIFT_VERSION = 5.0;
				TARGETED_DEVICE_FAMILY = "1,2";
			};
			name = Debug;
		};
		7CA1F0832C9163A00094DF80 /* Release */ = {
			isa = XCBuildConfiguration;
			buildSettings = {
				ASSETCATALOG_COMPILER_APPICON_NAME = AppIcon;
				ASSETCATALOG_COMPILER_GLOBAL_ACCENT_COLOR_NAME = AccentColor;
				CODE_SIGN_STYLE = Automatic;
				CURRENT_PROJECT_VERSION = 1;
				DEVELOPMENT_ASSET_PATHS = "\"Heirloom/Preview Content\"";
				DEVELOPMENT_TEAM = 8X2XQM3V4T;
				ENABLE_PREVIEWS = YES;
				GENERATE_INFOPLIST_FILE = YES;
				INFOPLIST_KEY_UIApplicationSceneManifest_Generation = YES;
				INFOPLIST_KEY_UIApplicationSupportsIndirectInputEvents = YES;
				INFOPLIST_KEY_UILaunchScreen_Generation = YES;
				INFOPLIST_KEY_UISupportedInterfaceOrientations_iPad = "UIInterfaceOrientationPortrait UIInterfaceOrientationPortraitUpsideDown UIInterfaceOrientationLandscapeLeft UIInterfaceOrientationLandscapeRight";
				INFOPLIST_KEY_UISupportedInterfaceOrientations_iPhone = "UIInterfaceOrientationPortrait UIInterfaceOrientationLandscapeLeft UIInterfaceOrientationLandscapeRight";
				LD_RUNPATH_SEARCH_PATHS = (
					"$(inherited)",
					"@executable_path/Frameworks",
				);
				MARKETING_VERSION = 1.0;
				PRODUCT_BUNDLE_IDENTIFIER = TylerBrodsky.Heirloom;
				PRODUCT_NAME = "$(TARGET_NAME)";
				SWIFT_EMIT_LOC_STRINGS = YES;
				SWIFT_VERSION = 5.0;
				TARGETED_DEVICE_FAMILY = "1,2";
			};
			name = Release;
		};
		7CA1F0852C9163A00094DF80 /* Debug */ = {
			isa = XCBuildConfiguration;
			buildSettings = {
				ALWAYS_EMBED_SWIFT_STANDARD_LIBRARIES = YES;
				BUNDLE_LOADER = "$(TEST_HOST)";
				CODE_SIGN_STYLE = Automatic;
				CURRENT_PROJECT_VERSION = 1;
				DEVELOPMENT_TEAM = 8X2XQM3V4T;
				GENERATE_INFOPLIST_FILE = YES;
				IPHONEOS_DEPLOYMENT_TARGET = 17.4;
				MARKETING_VERSION = 1.0;
				PRODUCT_BUNDLE_IDENTIFIER = TylerBrodsky.HeirloomTests;
				PRODUCT_NAME = "$(TARGET_NAME)";
				SWIFT_EMIT_LOC_STRINGS = NO;
				SWIFT_VERSION = 5.0;
				TARGETED_DEVICE_FAMILY = "1,2";
				TEST_HOST = "$(BUILT_PRODUCTS_DIR)/Heirloom.app/$(BUNDLE_EXECUTABLE_FOLDER_PATH)/Heirloom";
			};
			name = Debug;
		};
		7CA1F0862C9163A00094DF80 /* Release */ = {
			isa = XCBuildConfiguration;
			buildSettings = {
				ALWAYS_EMBED_SWIFT_STANDARD_LIBRARIES = YES;
				BUNDLE_LOADER = "$(TEST_HOST)";
				CODE_SIGN_STYLE = Automatic;
				CURRENT_PROJECT_VERSION = 1;
				DEVELOPMENT_TEAM = 8X2XQM3V4T;
				GENERATE_INFOPLIST_FILE = YES;
				IPHONEOS_DEPLOYMENT_TARGET = 17.4;
				MARKETING_VERSION = 1.0;
				PRODUCT_BUNDLE_IDENTIFIER = TylerBrodsky.HeirloomTests;
				PRODUCT_NAME = "$(TARGET_NAME)";
				SWIFT_EMIT_LOC_STRINGS = NO;
				SWIFT_VERSION = 5.0;
				TARGETED_DEVICE_FAMILY = "1,2";
				TEST_HOST = "$(BUILT_PRODUCTS_DIR)/Heirloom.app/$(BUNDLE_EXECUTABLE_FOLDER_PATH)/Heirloom";
			};
			name = Release;
		};
		7CA1F0882C9163A00094DF80 /* Debug */ = {
			isa = XCBuildConfiguration;
			buildSettings = {
				ALWAYS_EMBED_SWIFT_STANDARD_LIBRARIES = YES;
				CODE_SIGN_STYLE = Automatic;
				CURRENT_PROJECT_VERSION = 1;
				DEVELOPMENT_TEAM = 8X2XQM3V4T;
				GENERATE_INFOPLIST_FILE = YES;
				MARKETING_VERSION = 1.0;
				PRODUCT_BUNDLE_IDENTIFIER = TylerBrodsky.HeirloomUITests;
				PRODUCT_NAME = "$(TARGET_NAME)";
				SWIFT_EMIT_LOC_STRINGS = NO;
				SWIFT_VERSION = 5.0;
				TARGETED_DEVICE_FAMILY = "1,2";
				TEST_TARGET_NAME = Heirloom;
			};
			name = Debug;
		};
		7CA1F0892C9163A00094DF80 /* Release */ = {
			isa = XCBuildConfiguration;
			buildSettings = {
				ALWAYS_EMBED_SWIFT_STANDARD_LIBRARIES = YES;
				CODE_SIGN_STYLE = Automatic;
				CURRENT_PROJECT_VERSION = 1;
				DEVELOPMENT_TEAM = 8X2XQM3V4T;
				GENERATE_INFOPLIST_FILE = YES;
				MARKETING_VERSION = 1.0;
				PRODUCT_BUNDLE_IDENTIFIER = TylerBrodsky.HeirloomUITests;
				PRODUCT_NAME = "$(TARGET_NAME)";
				SWIFT_EMIT_LOC_STRINGS = NO;
				SWIFT_VERSION = 5.0;
				TARGETED_DEVICE_FAMILY = "1,2";
				TEST_TARGET_NAME = Heirloom;
			};
			name = Release;
		};
/* End XCBuildConfiguration section */

/* Begin XCConfigurationList section */
		7CA1F0582C91639F0094DF80 /* Build configuration list for PBXProject "Heirloom" */ = {
			isa = XCConfigurationList;
			buildConfigurations = (
				7CA1F07F2C9163A00094DF80 /* Debug */,
				7CA1F0802C9163A00094DF80 /* Release */,
			);
			defaultConfigurationIsVisible = 0;
			defaultConfigurationName = Release;
		};
		7CA1F0812C9163A00094DF80 /* Build configuration list for PBXNativeTarget "Heirloom" */ = {
			isa = XCConfigurationList;
			buildConfigurations = (
				7CA1F0822C9163A00094DF80 /* Debug */,
				7CA1F0832C9163A00094DF80 /* Release */,
			);
			defaultConfigurationIsVisible = 0;
			defaultConfigurationName = Release;
		};
		7CA1F0842C9163A00094DF80 /* Build configuration list for PBXNativeTarget "HeirloomTests" */ = {
			isa = XCConfigurationList;
			buildConfigurations = (
				7CA1F0852C9163A00094DF80 /* Debug */,
				7CA1F0862C9163A00094DF80 /* Release */,
			);
			defaultConfigurationIsVisible = 0;
			defaultConfigurationName = Release;
		};
		7CA1F0872C9163A00094DF80 /* Build configuration list for PBXNativeTarget "HeirloomUITests" */ = {
			isa = XCConfigurationList;
			buildConfigurations = (
				7CA1F0882C9163A00094DF80 /* Debug */,
				7CA1F0892C9163A00094DF80 /* Release */,
			);
			defaultConfigurationIsVisible = 0;
			defaultConfigurationName = Release;
		};
/* End XCConfigurationList section */
	};
	rootObject = 7CA1F0552C91639F0094DF80 /* Project object */;
}
